
Microsoft Visual Studio Solution File, Format Version 12.00
# Visual Studio Version 17
VisualStudioVersion = 17.11.35312.102
MinimumVisualStudioVersion = 10.0.40219.1
Project("{9A19103F-16F7-4668-BE54-9A1E7A4F7556}") = "CartaSur", "CartaSur.csproj", "{91FFD9D7-BBBE-4885-84B3-8ADE917420D9}"
EndProject
Project("{2150E333-8FDC-42A3-9474-1A3956D46DE8}") = "Elementos de la solución", "Elementos de la solución", "{6D90C31C-3E7D-4B80-8284-DCD62EB9A26E}"
	ProjectSection(SolutionItems) = preProject
		.gitignore = .gitignore
	EndProjectSection
EndProject
Global
	GlobalSection(SolutionConfigurationPlatforms) = preSolution
		Debug|Any CPU = Debug|Any CPU
		Release|Any CPU = Release|Any CPU
	EndGlobalSection
	GlobalSection(ProjectConfigurationPlatforms) = postSolution
		{91FFD9D7-BBBE-4885-84B3-8ADE917420D9}.Debug|Any CPU.ActiveCfg = Debug|Any CPU
		{91FFD9D7-BBBE-4885-84B3-8ADE917420D9}.Debug|Any CPU.Build.0 = Debug|Any CPU
		{91FFD9D7-BBBE-4885-84B3-8ADE917420D9}.Release|Any CPU.ActiveCfg = Release|Any CPU
		{91FFD9D7-BBBE-4885-84B3-8ADE917420D9}.Release|Any CPU.Build.0 = Release|Any CPU
	EndGlobalSection
	GlobalSection(SolutionProperties) = preSolution
		HideSolutionNode = FALSE
	EndGlobalSection
	GlobalSection(ExtensibilityGlobals) = postSolution
		SolutionGuid = {AD977C81-46EB-4124-B897-8E820F37FCDD}
	EndGlobalSection
EndGlobal
